
Microsoft Visual Studio Solution File, Format Version 12.00
# Visual Studio 15
VisualStudioVersion = 15.0.28307.421
MinimumVisualStudioVersion = 10.0.40219.1
Project("{FAE04EC0-301F-11D3-BF4B-00C04F79EFBC}") = "Instagramwebapi", "Instagramwebapi\Instagramwebapi.csproj", "{74FD32CF-CD1B-4F62-9361-5ECB0CB2556F}"
EndProject
Global
	GlobalSection(SolutionConfigurationPlatforms) = preSolution
		Debug|Any CPU = Debug|Any CPU
		Release|Any CPU = Release|Any CPU
	EndGlobalSection
	GlobalSection(ProjectConfigurationPlatforms) = postSolution
		{74FD32CF-CD1B-4F62-9361-5ECB0CB2556F}.Debug|Any CPU.ActiveCfg = Debug|Any CPU
		{74FD32CF-CD1B-4F62-9361-5ECB0CB2556F}.Debug|Any CPU.Build.0 = Debug|Any CPU
		{74FD32CF-CD1B-4F62-9361-5ECB0CB2556F}.Release|Any CPU.ActiveCfg = Release|Any CPU
		{74FD32CF-CD1B-4F62-9361-5ECB0CB2556F}.Release|Any CPU.Build.0 = Release|Any CPU
	EndGlobalSection
	GlobalSection(SolutionProperties) = preSolution
		HideSolutionNode = FALSE
	EndGlobalSection
	GlobalSection(ExtensibilityGlobals) = postSolution
		SolutionGuid = {F69F0E67-7FAA-4FB6-BB99-95A3973C4018}
	EndGlobalSection
EndGlobal
